PODS:
  - Alamofire (5.4.3)
  - trackier-ios-sdk (1.6.6):
    - Alamofire (~> 5.4.1)
    - Willow (~> 5.0)
  - Willow (5.2.1)

DEPENDENCIES:
  - trackier-ios-sdk (from `../`)

SPEC REPOS:
  trunk:
    - Alamofire
    - Willow

EXTERNAL SOURCES:
  trackier-ios-sdk:
    :path: "../"

SPEC CHECKSUMS:
  Alamofire: e447a2774a40c996748296fa2c55112fdbbc42f9
  trackier-ios-sdk: 707507d8c99909c618461e3361a35930709605a6
  Willow: a6310f9aedcb6f4de8c35b94fd3416a660ae9280

PODFILE CHECKSUM: 5f8f0033f5c480370348b335be3d7303bc258cbe

COCOAPODS: 1.10.1
